// !$*UTF8*$!
{
	archiveVersion = 1;
	classes = {
	};
	objectVersion = 56;
	objects = {

/* Begin PBXBuildFile section */
		9D79B26E29A28B9100BA5EF2 /* AppDelegate.swift in Sources */ = {isa = PBXBuildFile; fileRef = 9D79B26D29A28B9100BA5EF2 /* AppDelegate.swift */; };
		9D79B27029A28B9100BA5EF2 /* SceneDelegate.swift in Sources */ = {isa = PBXBuildFile; fileRef = 9D79B26F29A28B9100BA5EF2 /* SceneDelegate.swift */; };
		9D79B27229A28B9100BA5EF2 /* ViewController.swift in Sources */ = {isa = PBXBuildFile; fileRef = 9D79B27129A28B9100BA5EF2 /* ViewController.swift */; };
		9D79B27529A28B9100BA5EF2 /* Main.storyboard in Resources */ = {isa = PBXBuildFile; fileRef = 9D79B27329A28B9100BA5EF2 /* Main.storyboard */; };
		9D79B27829A28B9100BA5EF2 /* Evithing.xcdatamodeld in Sources */ = {isa = PBXBuildFile; fileRef = 9D79B27629A28B9100BA5EF2 /* Evithing.xcdatamodeld */; };
		9D79B27A29A28B9200BA5EF2 /* Assets.xcassets in Resources */ = {isa = PBXBuildFile; fileRef = 9D79B27929A28B9200BA5EF2 /* Assets.xcassets */; };
		9D79B27D29A28B9200BA5EF2 /* LaunchScreen.storyboard in Resources */ = {isa = PBXBuildFile; fileRef = 9D79B27B29A28B9200BA5EF2 /* LaunchScreen.storyboard */; };
/* End PBXBuildFile section */

/* Begin PBXFileReference section */
		9D79B26A29A28B9100BA5EF2 /* Evithing.app */ = {isa = PBXFileReference; explicitFileType = wrapper.application; includeInIndex = 0; path = Evithing.app; sourceTree = BUILT_PRODUCTS_DIR; };
		9D79B26D29A28B9100BA5EF2 /* AppDelegate.swift */ = {isa = PBXFileReference; lastKnownFileType = sourcecode.swift; path = AppDelegate.swift; sourceTree = "<group>"; };
		9D79B26F29A28B9100BA5EF2 /* SceneDelegate.swift */ = {isa = PBXFileReference; lastKnownFileType = sourcecode.swift; path = SceneDelegate.swift; sourceTree = "<group>"; };
		9D79B27129A28B9100BA5EF2 /* ViewController.swift */ = {isa = PBXFileReference; lastKnownFileType = sourcecode.swift; path = ViewController.swift; sourceTree = "<group>"; };
		9D79B27429A28B9100BA5EF2 /* Base */ = {isa = PBXFileReference; lastKnownFileType = file.storyboard; name = Base; path = Base.lproj/Main.storyboard; sourceTree = "<group>"; };
		9D79B27729A28B9100BA5EF2 /* Evithing.xcdatamodel */ = {isa = PBXFileReference; lastKnownFileType = wrapper.xcdatamodel; path = Evithing.xcdatamodel; sourceTree = "<group>"; };
		9D79B27929A28B9200BA5EF2 /* Assets.xcassets */ = {isa = PBXFileReference; lastKnownFileType = folder.assetcatalog; path = Assets.xcassets; sourceTree = "<group>"; };
		9D79B27C29A28B9200BA5EF2 /* Base */ = {isa = PBXFileReference; lastKnownFileType = file.storyboard; name = Base; path = Base.lproj/LaunchScreen.storyboard; sourceTree = "<group>"; };
		9D79B27E29A28B9200BA5EF2 /* Info.plist */ = {isa = PBXFileReference; lastKnownFileType = text.plist.xml; path = Info.plist; sourceTree = "<group>"; };
/* End PBXFileReference section */

/* Begin PBXFrameworksBuildPhase section */
		9D79B26729A28B9100BA5EF2 /* Frameworks */ = {
			isa = PBXFrameworksBuildPhase;
			buildActionMask = 2147483647;
			files = (
			);
			runOnlyForDeploymentPostprocessing = 0;
		};
/* End PBXFrameworksBuildPhase section */

/* Begin PBXGroup section */
		9D79B26129A28B9100BA5EF2 = {
			isa = PBXGroup;
			children = (
				9D79B26C29A28B9100BA5EF2 /* Evithing */,
				9D79B26B29A28B9100BA5EF2 /* Products */,
			);
			sourceTree = "<group>";
		};
		9D79B26B29A28B9100BA5EF2 /* Products */ = {
			isa = PBXGroup;
			children = (
				9D79B26A29A28B9100BA5EF2 /* Evithing.app */,
			);
			name = Products;
			sourceTree = "<group>";
		};
		9D79B26C29A28B9100BA5EF2 /* Evithing */ = {
			isa = PBXGroup;
			children = (
				9D79B26D29A28B9100BA5EF2 /* AppDelegate.swift */,
				9D79B26F29A28B9100BA5EF2 /* SceneDelegate.swift */,
				9D79B27129A28B9100BA5EF2 /* ViewController.swift */,
				9D79B27329A28B9100BA5EF2 /* Main.storyboard */,
				9D79B27929A28B9200BA5EF2 /* Assets.xcassets */,
				9D79B27B29A28B9200BA5EF2 /* LaunchScreen.storyboard */,
				9D79B27E29A28B9200BA5EF2 /* Info.plist */,
				9D79B27629A28B9100BA5EF2 /* Evithing.xcdatamodeld */,
			);
			path = Evithing;
			sourceTree = "<group>";
		};
/* End PBXGroup section */

/* Begin PBXNativeTarget section */
		9D79B26929A28B9100BA5EF2 /* Evithing */ = {
			isa = PBXNativeTarget;
			buildConfigurationList = 9D79B28129A28B9200BA5EF2 /* Build configuration list for PBXNativeTarget "Evithing" */;
			buildPhases = (
				9D79B26629A28B9100BA5EF2 /* Sources */,
				9D79B26729A28B9100BA5EF2 /* Frameworks */,
				9D79B26829A28B9100BA5EF2 /* Resources */,
			);
			buildRules = (
			);
			dependencies = (
			);
			name = Evithing;
			productName = Evithing;
			productReference = 9D79B26A29A28B9100BA5EF2 /* Evithing.app */;
			productType = "com.apple.product-type.application";
		};
/* End PBXNativeTarget section */

/* Begin PBXProject section */
		9D79B26229A28B9100BA5EF2 /* Project object */ = {
			isa = PBXProject;
			attributes = {
				BuildIndependentTargetsInParallel = 1;
				LastSwiftUpdateCheck = 1420;
				LastUpgradeCheck = 1420;
				TargetAttributes = {
					9D79B26929A28B9100BA5EF2 = {
						CreatedOnToolsVersion = 14.2;
					};
				};
			};
			buildConfigurationList = 9D79B26529A28B9100BA5EF2 /* Build configuration list for PBXProject "Evithing" */;
			compatibilityVersion = "Xcode 14.0";
			developmentRegion = en;
			hasScannedForEncodings = 0;
			knownRegions = (
				en,
				Base,
			);
			mainGroup = 9D79B26129A28B9100BA5EF2;
			productRefGroup = 9D79B26B29A28B9100BA5EF2 /* Products */;
			projectDirPath = "";
			projectRoot = "";
			targets = (
				9D79B26929A28B9100BA5EF2 /* Evithing */,
			);
		};
/* End PBXProject section */

/* Begin PBXResourcesBuildPhase section */
		9D79B26829A28B9100BA5EF2 /* Resources */ = {
			isa = PBXResourcesBuildPhase;
			buildActionMask = 2147483647;
			files = (
				9D79B27D29A28B9200BA5EF2 /* LaunchScreen.storyboard in Resources */,
				9D79B27A29A28B9200BA5EF2 /* Assets.xcassets in Resources */,
				9D79B27529A28B9100BA5EF2 /* Main.storyboard in Resources */,
			);
			runOnlyForDeploymentPostprocessing = 0;
		};
/* End PBXResourcesBuildPhase section */

/* Begin PBXSourcesBuildPhase section */
		9D79B26629A28B9100BA5EF2 /* Sources */ = {
			isa = PBXSourcesBuildPhase;
			buildActionMask = 2147483647;
			files = (
				9D79B27229A28B9100BA5EF2 /* ViewController.swift in Sources */,
				9D79B26E29A28B9100BA5EF2 /* AppDelegate.swift in Sources */,
				9D79B27029A28B9100BA5EF2 /* SceneDelegate.swift in Sources */,
				9D79B27829A28B9100BA5EF2 /* Evithing.xcdatamodeld in Sources */,
			);
			runOnlyForDeploymentPostprocessing = 0;
		};
/* End PBXSourcesBuildPhase section */

/* Begin PBXVariantGroup section */
		9D79B27329A28B9100BA5EF2 /* Main.storyboard */ = {
			isa = PBXVariantGroup;
			children = (
				9D79B27429A28B9100BA5EF2 /* Base */,
			);
			name = Main.storyboard;
			sourceTree = "<group>";
		};
		9D79B27B29A28B9200BA5EF2 /* LaunchScreen.storyboard */ = {
			isa = PBXVariantGroup;
			children = (
				9D79B27C29A28B9200BA5EF2 /* Base */,
			);
			name = LaunchScreen.storyboard;
			sourceTree = "<group>";
		};
/* End PBXVariantGroup section */

/* Begin XCBuildConfiguration section */
		9D79B27F29A28B9200BA5EF2 /* Debug */ = {
			isa = XCBuildConfiguration;
			buildSettings = {
				ALWAYS_SEARCH_USER_PATHS = NO;
				CLANG_ANALYZER_NONNULL = YES;
				CLANG_ANALYZER_NUMBER_OBJECT_CONVERSION = YES_AGGRESSIVE;
				CLANG_CXX_LANGUAGE_STANDARD = "gnu++20";
				CLANG_ENABLE_MODULES = YES;
				CLANG_ENABLE_OBJC_ARC = YES;
				CLANG_ENABLE_OBJC_WEAK = YES;
				CLANG_WARN_BLOCK_CAPTURE_AUTORELEASING = YES;
				CLANG_WARN_BOOL_CONVERSION = YES;
				CLANG_WARN_COMMA = YES;
				CLANG_WARN_CONSTANT_CONVERSION = YES;
				CLANG_WARN_DEPRECATED_OBJC_IMPLEMENTATIONS = YES;
				CLANG_WARN_DIRECT_OBJC_ISA_USAGE = YES_ERROR;
				CLANG_WARN_DOCUMENTATION_COMMENTS = YES;
				CLANG_WARN_EMPTY_BODY = YES;
				CLANG_WARN_ENUM_CONVERSION = YES;
				CLANG_WARN_INFINITE_RECURSION = YES;
				CLANG_WARN_INT_CONVERSION = YES;
				CLANG_WARN_NON_LITERAL_NULL_CONVERSION = YES;
				CLANG_WARN_OBJC_IMPLICIT_RETAIN_SELF = YES;
				CLANG_WARN_OBJC_LITERAL_CONVERSION = YES;
				CLANG_WARN_OBJC_ROOT_CLASS = YES_ERROR;
				CLANG_WARN_QUOTED_INCLUDE_IN_FRAMEWORK_HEADER = YES;
				CLANG_WARN_RANGE_LOOP_ANALYSIS = YES;
				CLANG_WARN_STRICT_PROTOTYPES = YES;
				CLANG_WARN_SUSPICIOUS_MOVE = YES;
				CLANG_WARN_UNGUARDED_AVAILABILITY = YES_AGGRESSIVE;
				CLANG_WARN_UNREACHABLE_CODE = YES;
				CLANG_WARN__DUPLICATE_METHOD_MATCH = YES;
				COPY_PHASE_STRIP = NO;
				DEBUG_INFORMATION_FORMAT = dwarf;
				ENABLE_STRICT_OBJC_MSGSEND = YES;
				ENABLE_TESTABILITY = YES;
				GCC_C_LANGUAGE_STANDARD = gnu11;
				GCC_DYNAMIC_NO_PIC = NO;
				GCC_NO_COMMON_BLOCKS = YES;
				GCC_OPTIMIZATION_LEVEL = 0;
				GCC_PREPROCESSOR_DEFINITIONS = (
					"DEBUG=1",
					"$(inherited)",
				);
				GCC_WARN_64_TO_32_BIT_CONVERSION = YES;
				GCC_WARN_ABOUT_RETURN_TYPE = YES_ERROR;
				GCC_WARN_UNDECLARED_SELECTOR = YES;
				GCC_WARN_UNINITIALIZED_AUTOS = YES_AGGRESSIVE;
				GCC_WARN_UNUSED_FUNCTION = YES;
				GCC_WARN_UNUSED_VARIABLE = YES;
				IPHONEOS_DEPLOYMENT_TARGET = 16.2;
				MTL_ENABLE_DEBUG_INFO = INCLUDE_SOURCE;
				MTL_FAST_MATH = YES;
				ONLY_ACTIVE_ARCH = YES;
				SDKROOT = iphoneos;
				SWIFT_ACTIVE_COMPILATION_CONDITIONS = DEBUG;
				SWIFT_OPTIMIZATION_LEVEL = "-Onone";
			};
			name = Debug;
		};
		9D79B28029A28B9200BA5EF2 /* Release */ = {
			isa = XCBuildConfiguration;
			buildSettings = {
				ALWAYS_SEARCH_USER_PATHS = NO;
				CLANG_ANALYZER_NONNULL = YES;
				CLANG_ANALYZER_NUMBER_OBJECT_CONVERSION = YES_AGGRESSIVE;
				CLANG_CXX_LANGUAGE_STANDARD = "gnu++20";
				CLANG_ENABLE_MODULES = YES;
				CLANG_ENABLE_OBJC_ARC = YES;
				CLANG_ENABLE_OBJC_WEAK = YES;
				CLANG_WARN_BLOCK_CAPTURE_AUTORELEASING = YES;
				CLANG_WARN_BOOL_CONVERSION = YES;
				CLANG_WARN_COMMA = YES;
				CLANG_WARN_CONSTANT_CONVERSION = YES;
				CLANG_WARN_DEPRECATED_OBJC_IMPLEMENTATIONS = YES;
				CLANG_WARN_DIRECT_OBJC_ISA_USAGE = YES_ERROR;
				CLANG_WARN_DOCUMENTATION_COMMENTS = YES;
				CLANG_WARN_EMPTY_BODY = YES;
				CLANG_WARN_ENUM_CONVERSION = YES;
				CLANG_WARN_INFINITE_RECURSION = YES;
				CLANG_WARN_INT_CONVERSION = YES;
				CLANG_WARN_NON_LITERAL_NULL_CONVERSION = YES;
				CLANG_WARN_OBJC_IMPLICIT_RETAIN_SELF = YES;
				CLANG_WARN_OBJC_LITERAL_CONVERSION = YES;
				CLANG_WARN_OBJC_ROOT_CLASS = YES_ERROR;
				CLANG_WARN_QUOTED_INCLUDE_IN_FRAMEWORK_HEADER = YES;
				CLANG_WARN_RANGE_LOOP_ANALYSIS = YES;
				CLANG_WARN_STRICT_PROTOTYPES = YES;
				CLANG_WARN_SUSPICIOUS_MOVE = YES;
				CLANG_WARN_UNGUARDED_AVAILABILITY = YES_AGGRESSIVE;
				CLANG_WARN_UNREACHABLE_CODE = YES;
				CLANG_WARN__DUPLICATE_METHOD_MATCH = YES;
				COPY_PHASE_STRIP = NO;
				DEBUG_INFORMATION_FORMAT = "dwarf-with-dsym";
				ENABLE_NS_ASSERTIONS = NO;
				ENABLE_STRICT_OBJC_MSGSEND = YES;
				GCC_C_LANGUAGE_STANDARD = gnu11;
				GCC_NO_COMMON_BLOCKS = YES;
				GCC_WARN_64_TO_32_BIT_CONVERSION = YES;
				GCC_WARN_ABOUT_RETURN_TYPE = YES_ERROR;
				GCC_WARN_UNDECLARED_SELECTOR = YES;
				GCC_WARN_UNINITIALIZED_AUTOS = YES_AGGRESSIVE;
				GCC_WARN_UNUSED_FUNCTION = YES;
				GCC_WARN_UNUSED_VARIABLE = YES;
				IPHONEOS_DEPLOYMENT_TARGET = 16.2;
				MTL_ENABLE_DEBUG_INFO = NO;
				MTL_FAST_MATH = YES;
				SDKROOT = iphoneos;
				SWIFT_COMPILATION_MODE = wholemodule;
				SWIFT_OPTIMIZATION_LEVEL = "-O";
				VALIDATE_PRODUCT = YES;
			};
			name = Release;
		};
		9D79B28229A28B9200BA5EF2 /* Debug */ = {
			isa = XCBuildConfiguration;
			buildSettings = {
				ASSETCATALOG_COMPILER_APPICON_NAME = AppIcon;
				ASSETCATALOG_COMPILER_GLOBAL_ACCENT_COLOR_NAME = AccentColor;
				CODE_SIGN_STYLE = Automatic;
				CURRENT_PROJECT_VERSION = 1;
				DEVELOPMENT_TEAM = 6TVQSAB3DR;
				GENERATE_INFOPLIST_FILE = YES;
				INFOPLIST_FILE = Evithing/Info.plist;
				INFOPLIST_KEY_UIApplicationSupportsIndirectInputEvents = YES;
				INFOPLIST_KEY_UILaunchStoryboardName = LaunchScreen;
				INFOPLIST_KEY_UIMainStoryboardFile = Main;
				INFOPLIST_KEY_UISupportedInterfaceOrientations_iPad = "UIInterfaceOrientationPortrait UIInterfaceOrientationPortraitUpsideDown UIInterfaceOrientationLandscapeLeft UIInterfaceOrientationLandscapeRight";
				INFOPLIST_KEY_UISupportedInterfaceOrientations_iPhone = "UIInterfaceOrientationPortrait UIInterfaceOrientationLandscapeLeft UIInterfaceOrientationLandscapeRight";
				LD_RUNPATH_SEARCH_PATHS = (
					"$(inherited)",
					"@executable_path/Frameworks",
				);
				MARKETING_VERSION = 1.0;
				PRODUCT_BUNDLE_IDENTIFIER = com.secret.Evithing;
				PRODUCT_NAME = "$(TARGET_NAME)";
				SWIFT_EMIT_LOC_STRINGS = YES;
				SWIFT_VERSION = 5.0;
				TARGETED_DEVICE_FAMILY = "1,2";
			};
			name = Debug;
		};
		9D79B28329A28B9200BA5EF2 /* Release */ = {
			isa = XCBuildConfiguration;
			buildSettings = {
				ASSETCATALOG_COMPILER_APPICON_NAME = AppIcon;
				ASSETCATALOG_COMPILER_GLOBAL_ACCENT_COLOR_NAME = AccentColor;
				CODE_SIGN_STYLE = Automatic;
				CURRENT_PROJECT_VERSION = 1;
				DEVELOPMENT_TEAM = 6TVQSAB3DR;
				GENERATE_INFOPLIST_FILE = YES;
				INFOPLIST_FILE = Evithing/Info.plist;
				INFOPLIST_KEY_UIApplicationSupportsIndirectInputEvents = YES;
				INFOPLIST_KEY_UILaunchStoryboardName = LaunchScreen;
				INFOPLIST_KEY_UIMainStoryboardFile = Main;
				INFOPLIST_KEY_UISupportedInterfaceOrientations_iPad = "UIInterfaceOrientationPortrait UIInterfaceOrientationPortraitUpsideDown UIInterfaceOrientationLandscapeLeft UIInterfaceOrientationLandscapeRight";
				INFOPLIST_KEY_UISupportedInterfaceOrientations_iPhone = "UIInterfaceOrientationPortrait UIInterfaceOrientationLandscapeLeft UIInterfaceOrientationLandscapeRight";
				LD_RUNPATH_SEARCH_PATHS = (
					"$(inherited)",
					"@executable_path/Frameworks",
				);
				MARKETING_VERSION = 1.0;
				PRODUCT_BUNDLE_IDENTIFIER = com.secret.Evithing;
				PRODUCT_NAME = "$(TARGET_NAME)";
				SWIFT_EMIT_LOC_STRINGS = YES;
				SWIFT_VERSION = 5.0;
				TARGETED_DEVICE_FAMILY = "1,2";
			};
			name = Release;
		};
/* End XCBuildConfiguration section */

/* Begin XCConfigurationList section */
		9D79B26529A28B9100BA5EF2 /* Build configuration list for PBXProject "Evithing" */ = {
			isa = XCConfigurationList;
			buildConfigurations = (
				9D79B27F29A28B9200BA5EF2 /* Debug */,
				9D79B28029A28B9200BA5EF2 /* Release */,
			);
			defaultConfigurationIsVisible = 0;
			defaultConfigurationName = Release;
		};
		9D79B28129A28B9200BA5EF2 /* Build configuration list for PBXNativeTarget "Evithing" */ = {
			isa = XCConfigurationList;
			buildConfigurations = (
				9D79B28229A28B9200BA5EF2 /* Debug */,
				9D79B28329A28B9200BA5EF2 /* Release */,
			);
			defaultConfigurationIsVisible = 0;
			defaultConfigurationName = Release;
		};
/* End XCConfigurationList section */

/* Begin XCVersionGroup section */
		9D79B27629A28B9100BA5EF2 /* Evithing.xcdatamodeld */ = {
			isa = XCVersionGroup;
			children = (
				9D79B27729A28B9100BA5EF2 /* Evithing.xcdatamodel */,
			);
			currentVersion = 9D79B27729A28B9100BA5EF2 /* Evithing.xcdatamodel */;
			path = Evithing.xcdatamodeld;
			sourceTree = "<group>";
			versionGroupType = wrapper.xcdatamodel;
		};
/* End XCVersionGroup section */
	};
	rootObject = 9D79B26229A28B9100BA5EF2 /* Project object */;
}
